{
  "lockfileVersion": 1,
  "configVersion": 1,
  "workspaces": {
    "": {
      "name": "claude-code-patterns",
      "devDependencies": {
        "@biomejs/biome": "^2.4.10",
        "bun-types": "^1.3.11",
        "typescript": "^6.0.2",
      },
    },
    "packages/build/agent-dialogue-loop": {
      "name": "@claude-patterns/agent-dialogue-loop",
      "version": "0.0.0",
      "dependencies": {
        "@claude-patterns/state-store": "workspace:*",
        "@claude-patterns/streaming-tool-executor": "workspace:*",
        "@claude-patterns/token-estimation": "workspace:*",
      },
    },
    "packages/build/cli-startup-optimization": {
      "name": "@claude-patterns/cli-startup-optimization",
      "version": "0.0.0",
    },
    "packages/build/context-injection": {
      "name": "@claude-patterns/context-injection",
      "version": "0.0.0",
    },
    "packages/build/dialogue-history-manager": {
      "name": "@claude-patterns/dialogue-history-manager",
      "version": "0.0.0",
    },
    "packages/build/ink-renderer": {
      "name": "@claude-patterns/ink-renderer",
      "version": "0.0.0",
    },
    "packages/build/keyboard-shortcuts": {
      "name": "@claude-patterns/keyboard-shortcuts",
      "version": "0.0.0",
    },
    "packages/build/mcp-integration": {
      "name": "@claude-patterns/mcp-integration",
      "version": "0.0.0",
    },
    "packages/build/multi-agent-coordinator": {
      "name": "@claude-patterns/multi-agent-coordinator",
      "version": "0.0.0",
      "dependencies": {
        "@claude-patterns/mcp-integration": "workspace:*",
      },
    },
    "packages/build/onboarding-flow-engine": {
      "name": "@claude-patterns/onboarding-flow-engine",
      "version": "0.0.0",
    },
    "packages/build/output-style-system": {
      "name": "@claude-patterns/output-style-system",
      "version": "0.0.0",
    },
    "packages/build/plugin-lifecycle-manager": {
      "name": "@claude-patterns/plugin-lifecycle-manager",
      "version": "0.0.0",
    },
    "packages/build/prompt-system": {
      "name": "@claude-patterns/prompt-system",
      "version": "0.0.0",
    },
    "packages/build/sdk-bridge": {
      "name": "@claude-patterns/sdk-bridge",
      "version": "0.0.0",
    },
    "packages/build/skills-system": {
      "name": "@claude-patterns/skills-system",
      "version": "0.0.0",
      "dependencies": {
        "@claude-patterns/claudemd-memory": "workspace:*",
      },
    },
    "packages/build/system-reminder-injection": {
      "name": "@claude-patterns/system-reminder-injection",
      "version": "0.0.0",
    },
    "packages/build/tool-registry": {
      "name": "@claude-patterns/tool-registry",
      "version": "0.0.0",
    },
    "packages/build/tool-schema-cache": {
      "name": "@claude-patterns/tool-schema-cache",
      "version": "0.0.0",
    },
    "packages/build/vim-mode-fsm": {
      "name": "@claude-patterns/vim-mode-fsm",
      "version": "0.0.0",
    },
    "packages/build/voice-input-gating": {
      "name": "@claude-patterns/voice-input-gating",
      "version": "0.0.0",
    },
    "packages/extract/analytics-killswitch": {
      "name": "@claude-patterns/analytics-killswitch",
      "version": "0.0.0",
    },
    "packages/extract/auto-compact": {
      "name": "@claude-patterns/auto-compact",
      "version": "0.0.0",
      "dependencies": {
        "@claude-patterns/token-estimation": "workspace:*",
      },
    },
    "packages/extract/claudemd-memory": {
      "name": "@claude-patterns/claudemd-memory",
      "version": "0.0.0",
    },
    "packages/extract/config-migration": {
      "name": "@claude-patterns/config-migration",
      "version": "0.0.0",
    },
    "packages/extract/cost-tracker": {
      "name": "@claude-patterns/cost-tracker",
      "version": "0.0.0",
    },
    "packages/extract/dangerous-command-detection": {
      "name": "@claude-patterns/dangerous-command-detection",
      "version": "0.0.0",
      "dependencies": {
        "@claude-patterns/path-validation": "workspace:*",
        "@claude-patterns/permission-system": "workspace:*",
      },
    },
    "packages/extract/denial-tracking": {
      "name": "@claude-patterns/denial-tracking",
      "version": "0.0.0",
    },
    "packages/extract/path-validation": {
      "name": "@claude-patterns/path-validation",
      "version": "0.0.0",
    },
    "packages/extract/permission-system": {
      "name": "@claude-patterns/permission-system",
      "version": "0.0.0",
    },
    "packages/extract/read-only-validation": {
      "name": "@claude-patterns/read-only-validation",
      "version": "0.0.0",
    },
    "packages/extract/sandbox-config": {
      "name": "@claude-patterns/sandbox-config",
      "version": "0.0.0",
      "dependencies": {
        "@claude-patterns/path-validation": "workspace:*",
      },
    },
    "packages/extract/state-store": {
      "name": "@claude-patterns/state-store",
      "version": "0.0.0",
    },
    "packages/extract/streaming-tool-executor": {
      "name": "@claude-patterns/streaming-tool-executor",
      "version": "0.0.0",
    },
    "packages/extract/subprocess-env-scrubbing": {
      "name": "@claude-patterns/subprocess-env-scrubbing",
      "version": "0.0.0",
    },
    "packages/extract/token-estimation": {
      "name": "@claude-patterns/token-estimation",
      "version": "0.0.0",
    },
    "packages/extract/yolo-classifier": {
      "name": "@claude-patterns/yolo-classifier",
      "version": "0.0.0",
      "dependencies": {
        "@claude-patterns/permission-system": "workspace:*",
      },
    },
    "packages/translate/genesys-flow-security-validator": {
      "name": "@claude-patterns/genesys-flow-security-validator",
      "version": "0.0.0",
    },
    "packages/translate/ivr-call-flow-validator": {
      "name": "@claude-patterns/ivr-call-flow-validator",
      "version": "0.0.0",
    },
    "packages/translate/multi-step-ivr-input-validator": {
      "name": "@claude-patterns/multi-step-ivr-input-validator",
      "version": "0.0.0",
      "dependencies": {
        "@claude-patterns/ivr-call-flow-validator": "workspace:*",
      },
    },
    "packages/translate/prompt-cache-optimizer": {
      "name": "@claude-patterns/prompt-cache-optimizer",
      "version": "0.0.0",
    },
  },
  "packages": {
    "@biomejs/biome": ["@biomejs/biome@2.4.10", "", { "optionalDependencies": { "@biomejs/cli-darwin-arm64": "2.4.10", "@biomejs/cli-darwin-x64": "2.4.10", "@biomejs/cli-linux-arm64": "2.4.10", "@biomejs/cli-linux-arm64-musl": "2.4.10", "@biomejs/cli-linux-x64": "2.4.10", "@biomejs/cli-linux-x64-musl": "2.4.10", "@biomejs/cli-win32-arm64": "2.4.10", "@biomejs/cli-win32-x64": "2.4.10" }, "bin": { "biome": "bin/biome" } }, "sha512-xxA3AphFQ1geij4JTHXv4EeSTda1IFn22ye9LdyVPoJU19fNVl0uzfEuhsfQ4Yue/0FaLs2/ccVi4UDiE7R30w=="],

    "@biomejs/cli-darwin-arm64": ["@biomejs/cli-darwin-arm64@2.4.10", "", { "os": "darwin", "cpu": "arm64" }, "sha512-vuzzI1cWqDVzOMIkYyHbKqp+AkQq4K7k+UCXWpkYcY/HDn1UxdsbsfgtVpa40shem8Kax4TLDLlx8kMAecgqiw=="],

    "@biomejs/cli-darwin-x64": ["@biomejs/cli-darwin-x64@2.4.10", "", { "os": "darwin", "cpu": "x64" }, "sha512-14fzASRo+BPotwp7nWULy2W5xeUyFnTaq1V13Etrrxkrih+ez/2QfgFm5Ehtf5vSjtgx/IJycMMpn5kPd5ZNaA=="],

    "@biomejs/cli-linux-arm64": ["@biomejs/cli-linux-arm64@2.4.10", "", { "os": "linux", "cpu": "arm64" }, "sha512-7MH1CMW5uuxQ/s7FLST63qF8B3Hgu2HRdZ7tA1X1+mk+St4JOuIrqdhIBnnyqeyWJNI+Bww7Es5QZ0wIc1Cmkw=="],

    "@biomejs/cli-linux-arm64-musl": ["@biomejs/cli-linux-arm64-musl@2.4.10", "", { "os": "linux", "cpu": "arm64" }, "sha512-WrJY6UuiSD/Dh+nwK2qOTu8kdMDlLV3dLMmychIghHPAysWFq1/DGC1pVZx8POE3ZkzKR3PUUnVrtZfMfaJjyQ=="],

    "@biomejs/cli-linux-x64": ["@biomejs/cli-linux-x64@2.4.10", "", { "os": "linux", "cpu": "x64" }, "sha512-tZLvEEi2u9Xu1zAqRjTcpIDGVtldigVvzug2fTuPG0ME/g8/mXpRPcNgLB22bGn6FvLJpHHnqLnwliOu8xjYrg=="],

    "@biomejs/cli-linux-x64-musl": ["@biomejs/cli-linux-x64-musl@2.4.10", "", { "os": "linux", "cpu": "x64" }, "sha512-kDTi3pI6PBN6CiczsWYOyP2zk0IJI08EWEQyDMQWW221rPaaEz6FvjLhnU07KMzLv8q3qSuoB93ua6inSQ55Tw=="],

    "@biomejs/cli-win32-arm64": ["@biomejs/cli-win32-arm64@2.4.10", "", { "os": "win32", "cpu": "arm64" }, "sha512-umwQU6qPzH+ISTf/eHyJ/QoQnJs3V9Vpjz2OjZXe9MVBZ7prgGafMy7yYeRGnlmDAn87AKTF3Q6weLoMGpeqdQ=="],

    "@biomejs/cli-win32-x64": ["@biomejs/cli-win32-x64@2.4.10", "", { "os": "win32", "cpu": "x64" }, "sha512-aW/JU5GuyH4uxMrNYpoC2kjaHlyJGLgIa3XkhPEZI0uKhZhJZU8BuEyJmvgzSPQNGozBwWjC972RaNdcJ9KyJg=="],

    "@claude-patterns/agent-dialogue-loop": ["@claude-patterns/agent-dialogue-loop@workspace:packages/build/agent-dialogue-loop"],

    "@claude-patterns/analytics-killswitch": ["@claude-patterns/analytics-killswitch@workspace:packages/extract/analytics-killswitch"],

    "@claude-patterns/auto-compact": ["@claude-patterns/auto-compact@workspace:packages/extract/auto-compact"],

    "@claude-patterns/claudemd-memory": ["@claude-patterns/claudemd-memory@workspace:packages/extract/claudemd-memory"],

    "@claude-patterns/cli-startup-optimization": ["@claude-patterns/cli-startup-optimization@workspace:packages/build/cli-startup-optimization"],

    "@claude-patterns/config-migration": ["@claude-patterns/config-migration@workspace:packages/extract/config-migration"],

    "@claude-patterns/context-injection": ["@claude-patterns/context-injection@workspace:packages/build/context-injection"],

    "@claude-patterns/cost-tracker": ["@claude-patterns/cost-tracker@workspace:packages/extract/cost-tracker"],

    "@claude-patterns/dangerous-command-detection": ["@claude-patterns/dangerous-command-detection@workspace:packages/extract/dangerous-command-detection"],

    "@claude-patterns/denial-tracking": ["@claude-patterns/denial-tracking@workspace:packages/extract/denial-tracking"],

    "@claude-patterns/dialogue-history-manager": ["@claude-patterns/dialogue-history-manager@workspace:packages/build/dialogue-history-manager"],

    "@claude-patterns/genesys-flow-security-validator": ["@claude-patterns/genesys-flow-security-validator@workspace:packages/translate/genesys-flow-security-validator"],

    "@claude-patterns/ink-renderer": ["@claude-patterns/ink-renderer@workspace:packages/build/ink-renderer"],

    "@claude-patterns/ivr-call-flow-validator": ["@claude-patterns/ivr-call-flow-validator@workspace:packages/translate/ivr-call-flow-validator"],

    "@claude-patterns/keyboard-shortcuts": ["@claude-patterns/keyboard-shortcuts@workspace:packages/build/keyboard-shortcuts"],

    "@claude-patterns/mcp-integration": ["@claude-patterns/mcp-integration@workspace:packages/build/mcp-integration"],

    "@claude-patterns/multi-agent-coordinator": ["@claude-patterns/multi-agent-coordinator@workspace:packages/build/multi-agent-coordinator"],

    "@claude-patterns/multi-step-ivr-input-validator": ["@claude-patterns/multi-step-ivr-input-validator@workspace:packages/translate/multi-step-ivr-input-validator"],

    "@claude-patterns/onboarding-flow-engine": ["@claude-patterns/onboarding-flow-engine@workspace:packages/build/onboarding-flow-engine"],

    "@claude-patterns/output-style-system": ["@claude-patterns/output-style-system@workspace:packages/build/output-style-system"],

    "@claude-patterns/path-validation": ["@claude-patterns/path-validation@workspace:packages/extract/path-validation"],

    "@claude-patterns/permission-system": ["@claude-patterns/permission-system@workspace:packages/extract/permission-system"],

    "@claude-patterns/plugin-lifecycle-manager": ["@claude-patterns/plugin-lifecycle-manager@workspace:packages/build/plugin-lifecycle-manager"],

    "@claude-patterns/prompt-cache-optimizer": ["@claude-patterns/prompt-cache-optimizer@workspace:packages/translate/prompt-cache-optimizer"],

    "@claude-patterns/prompt-system": ["@claude-patterns/prompt-system@workspace:packages/build/prompt-system"],

    "@claude-patterns/read-only-validation": ["@claude-patterns/read-only-validation@workspace:packages/extract/read-only-validation"],

    "@claude-patterns/sandbox-config": ["@claude-patterns/sandbox-config@workspace:packages/extract/sandbox-config"],

    "@claude-patterns/sdk-bridge": ["@claude-patterns/sdk-bridge@workspace:packages/build/sdk-bridge"],

    "@claude-patterns/skills-system": ["@claude-patterns/skills-system@workspace:packages/build/skills-system"],

    "@claude-patterns/state-store": ["@claude-patterns/state-store@workspace:packages/extract/state-store"],

    "@claude-patterns/streaming-tool-executor": ["@claude-patterns/streaming-tool-executor@workspace:packages/extract/streaming-tool-executor"],

    "@claude-patterns/subprocess-env-scrubbing": ["@claude-patterns/subprocess-env-scrubbing@workspace:packages/extract/subprocess-env-scrubbing"],

    "@claude-patterns/system-reminder-injection": ["@claude-patterns/system-reminder-injection@workspace:packages/build/system-reminder-injection"],

    "@claude-patterns/token-estimation": ["@claude-patterns/token-estimation@workspace:packages/extract/token-estimation"],

    "@claude-patterns/tool-registry": ["@claude-patterns/tool-registry@workspace:packages/build/tool-registry"],

    "@claude-patterns/tool-schema-cache": ["@claude-patterns/tool-schema-cache@workspace:packages/build/tool-schema-cache"],

    "@claude-patterns/vim-mode-fsm": ["@claude-patterns/vim-mode-fsm@workspace:packages/build/vim-mode-fsm"],

    "@claude-patterns/voice-input-gating": ["@claude-patterns/voice-input-gating@workspace:packages/build/voice-input-gating"],

    "@claude-patterns/yolo-classifier": ["@claude-patterns/yolo-classifier@workspace:packages/extract/yolo-classifier"],

    "@types/node": ["@types/node@25.5.0", "", { "dependencies": { "undici-types": "~7.18.0" } }, "sha512-jp2P3tQMSxWugkCUKLRPVUpGaL5MVFwF8RDuSRztfwgN1wmqJeMSbKlnEtQqU8UrhTmzEmZdu2I6v2dpp7XIxw=="],

    "bun-types": ["bun-types@1.3.11", "", { "dependencies": { "@types/node": "*" } }, "sha512-1KGPpoxQWl9f6wcZh57LvrPIInQMn2TQ7jsgxqpRzg+l0QPOFvJVH7HmvHo/AiPgwXy+/Thf6Ov3EdVn1vOabg=="],

    "typescript": ["typescript@6.0.2", "", { "bin": { "tsc": "bin/tsc", "tsserver": "bin/tsserver" } }, "sha512-bGdAIrZ0wiGDo5l8c++HWtbaNCWTS4UTv7RaTH/ThVIgjkveJt83m74bBHMJkuCbslY8ixgLBVZJIOiQlQTjfQ=="],

    "undici-types": ["undici-types@7.18.2", "", {}, "sha512-AsuCzffGHJybSaRrmr5eHr81mwJU3kjw6M+uprWvCXiNeN9SOGwQ3Jn8jb8m3Z6izVgknn1R0FTCEAP2QrLY/w=="],
  }
}
